// !$*UTF8*$!
{
	archiveVersion = 1;
	classes = {
	};
	objectVersion = 46;
	objects = {

/* Begin PBXBuildFile section */
		D038D5E91EDC12BF0067F2D7 /* AppDelegate.swift in Sources */ = {isa = PBXBuildFile; fileRef = D038D5E81EDC12BF0067F2D7 /* AppDelegate.swift */; };
		D038D5EB1EDC12C00067F2D7 /* GameScene.sks in Resources */ = {isa = PBXBuildFile; fileRef = D038D5EA1EDC12C00067F2D7 /* GameScene.sks */; };
		D038D5EF1EDC12C00067F2D7 /* GameScene.swift in Sources */ = {isa = PBXBuildFile; fileRef = D038D5EE1EDC12C00067F2D7 /* GameScene.swift */; };
		D038D5F11EDC12C00067F2D7 /* GameViewController.swift in Sources */ = {isa = PBXBuildFile; fileRef = D038D5F01EDC12C00067F2D7 /* GameViewController.swift */; };
		D038D5F41EDC12C00067F2D7 /* Main.storyboard in Resources */ = {isa = PBXBuildFile; fileRef = D038D5F21EDC12C00067F2D7 /* Main.storyboard */; };
		D038D5F61EDC12C00067F2D7 /* Assets.xcassets in Resources */ = {isa = PBXBuildFile; fileRef = D038D5F51EDC12C00067F2D7 /* Assets.xcassets */; };
		D038D5F91EDC12C00067F2D7 /* LaunchScreen.storyboard in Resources */ = {isa = PBXBuildFile; fileRef = D038D5F71EDC12C00067F2D7 /* LaunchScreen.storyboard */; };
		D038D6041EDC12F10067F2D7 /* InfoPlist.strings in Resources */ = {isa = PBXBuildFile; fileRef = D038D6061EDC12F10067F2D7 /* InfoPlist.strings */; };
		D08A05D21EEBF84500463AF7 /* QYDefaultSettings.plist in Resources */ = {isa = PBXBuildFile; fileRef = D08A05D11EEBF84500463AF7 /* QYDefaultSettings.plist */; };
		D08A05D41EEC0C4900463AF7 /* QYGameModel.swift in Sources */ = {isa = PBXBuildFile; fileRef = D08A05D31EEC0C4900463AF7 /* QYGameModel.swift */; };
		D08A05D71EEC3C9A00463AF7 /* drum.mp3 in Resources */ = {isa = PBXBuildFile; fileRef = D08A05D61EEC3C9A00463AF7 /* drum.mp3 */; };
		D08A05D81EEC3CA000463AF7 /* crunch.m4a in Resources */ = {isa = PBXBuildFile; fileRef = D08A05D51EEC3BCF00463AF7 /* crunch.m4a */; };
		D08A05DA1EEC436E00463AF7 /* bubble.m4a in Resources */ = {isa = PBXBuildFile; fileRef = D08A05D91EEC3DF700463AF7 /* bubble.m4a */; };
		D09976D21EDFB0BA00EAF784 /* GameMenu.sks in Resources */ = {isa = PBXBuildFile; fileRef = D09976D11EDFB0BA00EAF784 /* GameMenu.sks */; };
		D09976D41EDFB0DB00EAF784 /* GameMenu.swift in Sources */ = {isa = PBXBuildFile; fileRef = D09976D31EDFB0DB00EAF784 /* GameMenu.swift */; };
		D0B5A6B81EE97F6000594719 /* three inch heaven.mp3 in Resources */ = {isa = PBXBuildFile; fileRef = D0B5A6B71EE97F6000594719 /* three inch heaven.mp3 */; };
		D0D3FE611EDEF0F600E172E2 /* QYAvgSpeedNode.swift in Sources */ = {isa = PBXBuildFile; fileRef = D0D3FE601EDEF0F600E172E2 /* QYAvgSpeedNode.swift */; };
		D0E4E7601EDF0EC200C05A0E /* QYRandomHelper.swift in Sources */ = {isa = PBXBuildFile; fileRef = D0E4E75F1EDF0EC200C05A0E /* QYRandomHelper.swift */; };
/* End PBXBuildFile section */

/* Begin PBXFileReference section */
		D038D5E51EDC12BF0067F2D7 /* Saving Qu Yuan.app */ = {isa = PBXFileReference; explicitFileType = wrapper.application; includeInIndex = 0; path = "Saving Qu Yuan.app"; sourceTree = BUILT_PRODUCTS_DIR; };
		D038D5E81EDC12BF0067F2D7 /* AppDelegate.swift */ = {isa = PBXFileReference; lastKnownFileType = sourcecode.swift; path = AppDelegate.swift; sourceTree = "<group>"; };
		D038D5EA1EDC12C00067F2D7 /* GameScene.sks */ = {isa = PBXFileReference; lastKnownFileType = file.sks; path = GameScene.sks; sourceTree = "<group>"; };
		D038D5EE1EDC12C00067F2D7 /* GameScene.swift */ = {isa = PBXFileReference; lastKnownFileType = sourcecode.swift; path = GameScene.swift; sourceTree = "<group>"; };
		D038D5F01EDC12C00067F2D7 /* GameViewController.swift */ = {isa = PBXFileReference; lastKnownFileType = sourcecode.swift; path = GameViewController.swift; sourceTree = "<group>"; };
		D038D5F31EDC12C00067F2D7 /* Base */ = {isa = PBXFileReference; lastKnownFileType = file.storyboard; name = Base; path = Base.lproj/Main.storyboard; sourceTree = "<group>"; };
		D038D5F51EDC12C00067F2D7 /* Assets.xcassets */ = {isa = PBXFileReference; lastKnownFileType = folder.assetcatalog; path = Assets.xcassets; sourceTree = "<group>"; };
		D038D5F81EDC12C00067F2D7 /* Base */ = {isa = PBXFileReference; lastKnownFileType = file.storyboard; name = Base; path = Base.lproj/LaunchScreen.storyboard; sourceTree = "<group>"; };
		D038D5FA1EDC12C00067F2D7 /* Info.plist */ = {isa = PBXFileReference; lastKnownFileType = text.plist.xml; path = Info.plist; sourceTree = "<group>"; };
		D038D6001EDC12D70067F2D7 /* zh-Hant */ = {isa = PBXFileReference; lastKnownFileType = text.plist.strings; name = "zh-Hant"; path = "zh-Hant.lproj/Main.strings"; sourceTree = "<group>"; };
		D038D6011EDC12D70067F2D7 /* zh-Hant */ = {isa = PBXFileReference; lastKnownFileType = text.plist.strings; name = "zh-Hant"; path = "zh-Hant.lproj/LaunchScreen.strings"; sourceTree = "<group>"; };
		D038D6051EDC12F10067F2D7 /* Base */ = {isa = PBXFileReference; lastKnownFileType = text.plist.strings; name = Base; path = Base.lproj/InfoPlist.strings; sourceTree = "<group>"; };
		D038D6071EDC12F30067F2D7 /* en */ = {isa = PBXFileReference; lastKnownFileType = text.plist.strings; name = en; path = en.lproj/InfoPlist.strings; sourceTree = "<group>"; };
		D038D6081EDC12F50067F2D7 /* zh-Hant */ = {isa = PBXFileReference; lastKnownFileType = text.plist.strings; name = "zh-Hant"; path = "zh-Hant.lproj/InfoPlist.strings"; sourceTree = "<group>"; };
		D08A05D11EEBF84500463AF7 /* QYDefaultSettings.plist */ = {isa = PBXFileReference; fileEncoding = 4; lastKnownFileType = text.plist.xml; path = QYDefaultSettings.plist; sourceTree = "<group>"; };
		D08A05D31EEC0C4900463AF7 /* QYGameModel.swift */ = {isa = PBXFileReference; fileEncoding = 4; lastKnownFileType = sourcecode.swift; path = QYGameModel.swift; sourceTree = "<group>"; };
		D08A05D51EEC3BCF00463AF7 /* crunch.m4a */ = {isa = PBXFileReference; lastKnownFileType = file; path = crunch.m4a; sourceTree = "<group>"; };
		D08A05D61EEC3C9A00463AF7 /* drum.mp3 */ = {isa = PBXFileReference; lastKnownFileType = audio.mp3; path = drum.mp3; sourceTree = "<group>"; };
		D08A05D91EEC3DF700463AF7 /* bubble.m4a */ = {isa = PBXFileReference; lastKnownFileType = file; path = bubble.m4a; sourceTree = "<group>"; };
		D09976D11EDFB0BA00EAF784 /* GameMenu.sks */ = {isa = PBXFileReference; lastKnownFileType = file.sks; path = GameMenu.sks; sourceTree = "<group>"; };
		D09976D31EDFB0DB00EAF784 /* GameMenu.swift */ = {isa = PBXFileReference; fileEncoding = 4; lastKnownFileType = sourcecode.swift; path = GameMenu.swift; sourceTree = "<group>"; };
		D0B5A6B71EE97F6000594719 /* three inch heaven.mp3 */ = {isa = PBXFileReference; lastKnownFileType = audio.mp3; path = "three inch heaven.mp3"; sourceTree = "<group>"; };
		D0D3FE601EDEF0F600E172E2 /* QYAvgSpeedNode.swift */ = {isa = PBXFileReference; fileEncoding = 4; lastKnownFileType = sourcecode.swift; path = QYAvgSpeedNode.swift; sourceTree = "<group>"; };
		D0E4E75F1EDF0EC200C05A0E /* QYRandomHelper.swift */ = {isa = PBXFileReference; fileEncoding = 4; lastKnownFileType = sourcecode.swift; path = QYRandomHelper.swift; sourceTree = "<group>"; };
/* End PBXFileReference section */

/* Begin PBXFrameworksBuildPhase section */
		D038D5E21EDC12BF0067F2D7 /* Frameworks */ = {
			isa = PBXFrameworksBuildPhase;
			buildActionMask = 2147483647;
			files = (
			);
			runOnlyForDeploymentPostprocessing = 0;
		};
/* End PBXFrameworksBuildPhase section */

/* Begin PBXGroup section */
		D038D5DC1EDC12BF0067F2D7 = {
			isa = PBXGroup;
			children = (
				D038D5E71EDC12BF0067F2D7 /* Saving Qu Yuan */,
				D038D5E61EDC12BF0067F2D7 /* Products */,
			);
			sourceTree = "<group>";
		};
		D038D5E61EDC12BF0067F2D7 /* Products */ = {
			isa = PBXGroup;
			children = (
				D038D5E51EDC12BF0067F2D7 /* Saving Qu Yuan.app */,
			);
			name = Products;
			sourceTree = "<group>";
		};
		D038D5E71EDC12BF0067F2D7 /* Saving Qu Yuan */ = {
			isa = PBXGroup;
			children = (
				D038D5E81EDC12BF0067F2D7 /* AppDelegate.swift */,
				D09976CD1EDFB00200EAF784 /* View */,
				D09976CE1EDFB00F00EAF784 /* Controller */,
				D09976CF1EDFB01600EAF784 /* Model */,
				D09976D01EDFB01C00EAF784 /* Helper */,
				D0B5A6B41EE97A8E00594719 /* Resource */,
				D08A05D11EEBF84500463AF7 /* QYDefaultSettings.plist */,
				D038D6061EDC12F10067F2D7 /* InfoPlist.strings */,
				D038D5FA1EDC12C00067F2D7 /* Info.plist */,
			);
			path = "Saving Qu Yuan";
			sourceTree = "<group>";
		};
		D09976CD1EDFB00200EAF784 /* View */ = {
			isa = PBXGroup;
			children = (
				D038D5F71EDC12C00067F2D7 /* LaunchScreen.storyboard */,
				D038D5F21EDC12C00067F2D7 /* Main.storyboard */,
				D09976D11EDFB0BA00EAF784 /* GameMenu.sks */,
				D038D5EA1EDC12C00067F2D7 /* GameScene.sks */,
				D0D3FE601EDEF0F600E172E2 /* QYAvgSpeedNode.swift */,
			);
			name = View;
			sourceTree = "<group>";
		};
		D09976CE1EDFB00F00EAF784 /* Controller */ = {
			isa = PBXGroup;
			children = (
				D038D5F01EDC12C00067F2D7 /* GameViewController.swift */,
				D09976D31EDFB0DB00EAF784 /* GameMenu.swift */,
				D038D5EE1EDC12C00067F2D7 /* GameScene.swift */,
			);
			name = Controller;
			sourceTree = "<group>";
		};
		D09976CF1EDFB01600EAF784 /* Model */ = {
			isa = PBXGroup;
			children = (
				D08A05D31EEC0C4900463AF7 /* QYGameModel.swift */,
			);
			name = Model;
			sourceTree = "<group>";
		};
		D09976D01EDFB01C00EAF784 /* Helper */ = {
			isa = PBXGroup;
			children = (
				D0E4E75F1EDF0EC200C05A0E /* QYRandomHelper.swift */,
			);
			name = Helper;
			sourceTree = "<group>";
		};
		D0B5A6B41EE97A8E00594719 /* Resource */ = {
			isa = PBXGroup;
			children = (
				D038D5F51EDC12C00067F2D7 /* Assets.xcassets */,
				D0B5A6B71EE97F6000594719 /* three inch heaven.mp3 */,
				D08A05D61EEC3C9A00463AF7 /* drum.mp3 */,
				D08A05D91EEC3DF700463AF7 /* bubble.m4a */,
				D08A05D51EEC3BCF00463AF7 /* crunch.m4a */,
			);
			name = Resource;
			sourceTree = "<group>";
		};
/* End PBXGroup section */

/* Begin PBXNativeTarget section */
		D038D5E41EDC12BF0067F2D7 /* Saving Qu Yuan */ = {
			isa = PBXNativeTarget;
			buildConfigurationList = D038D5FD1EDC12C00067F2D7 /* Build configuration list for PBXNativeTarget "Saving Qu Yuan" */;
			buildPhases = (
				D038D5E11EDC12BF0067F2D7 /* Sources */,
				D038D5E21EDC12BF0067F2D7 /* Frameworks */,
				D038D5E31EDC12BF0067F2D7 /* Resources */,
			);
			buildRules = (
			);
			dependencies = (
			);
			name = "Saving Qu Yuan";
			productName = "Saving Qu Yuan";
			productReference = D038D5E51EDC12BF0067F2D7 /* Saving Qu Yuan.app */;
			productType = "com.apple.product-type.application";
		};
/* End PBXNativeTarget section */

/* Begin PBXProject section */
		D038D5DD1EDC12BF0067F2D7 /* Project object */ = {
			isa = PBXProject;
			attributes = {
				LastSwiftUpdateCheck = 0830;
				LastUpgradeCheck = 0830;
				ORGANIZATIONNAME = "羅子原";
				TargetAttributes = {
					D038D5E41EDC12BF0067F2D7 = {
						CreatedOnToolsVersion = 8.3.2;
						DevelopmentTeam = 6EX7ATHKWZ;
						ProvisioningStyle = Automatic;
					};
				};
			};
			buildConfigurationList = D038D5E01EDC12BF0067F2D7 /* Build configuration list for PBXProject "Saving Qu Yuan" */;
			compatibilityVersion = "Xcode 3.2";
			developmentRegion = English;
			hasScannedForEncodings = 0;
			knownRegions = (
				en,
				Base,
				"zh-Hant",
			);
			mainGroup = D038D5DC1EDC12BF0067F2D7;
			productRefGroup = D038D5E61EDC12BF0067F2D7 /* Products */;
			projectDirPath = "";
			projectRoot = "";
			targets = (
				D038D5E41EDC12BF0067F2D7 /* Saving Qu Yuan */,
			);
		};
/* End PBXProject section */

/* Begin PBXResourcesBuildPhase section */
		D038D5E31EDC12BF0067F2D7 /* Resources */ = {
			isa = PBXResourcesBuildPhase;
			buildActionMask = 2147483647;
			files = (
				D038D5F41EDC12C00067F2D7 /* Main.storyboard in Resources */,
				D08A05D21EEBF84500463AF7 /* QYDefaultSettings.plist in Resources */,
				D08A05D71EEC3C9A00463AF7 /* drum.mp3 in Resources */,
				D0B5A6B81EE97F6000594719 /* three inch heaven.mp3 in Resources */,
				D038D6041EDC12F10067F2D7 /* InfoPlist.strings in Resources */,
				D08A05D81EEC3CA000463AF7 /* crunch.m4a in Resources */,
				D038D5EB1EDC12C00067F2D7 /* GameScene.sks in Resources */,
				D038D5F61EDC12C00067F2D7 /* Assets.xcassets in Resources */,
				D09976D21EDFB0BA00EAF784 /* GameMenu.sks in Resources */,
				D08A05DA1EEC436E00463AF7 /* bubble.m4a in Resources */,
				D038D5F91EDC12C00067F2D7 /* LaunchScreen.storyboard in Resources */,
			);
			runOnlyForDeploymentPostprocessing = 0;
		};
/* End PBXResourcesBuildPhase section */

/* Begin PBXSourcesBuildPhase section */
		D038D5E11EDC12BF0067F2D7 /* Sources */ = {
			isa = PBXSourcesBuildPhase;
			buildActionMask = 2147483647;
			files = (
				D09976D41EDFB0DB00EAF784 /* GameMenu.swift in Sources */,
				D08A05D41EEC0C4900463AF7 /* QYGameModel.swift in Sources */,
				D038D5EF1EDC12C00067F2D7 /* GameScene.swift in Sources */,
				D038D5F11EDC12C00067F2D7 /* GameViewController.swift in Sources */,
				D0E4E7601EDF0EC200C05A0E /* QYRandomHelper.swift in Sources */,
				D0D3FE611EDEF0F600E172E2 /* QYAvgSpeedNode.swift in Sources */,
				D038D5E91EDC12BF0067F2D7 /* AppDelegate.swift in Sources */,
			);
			runOnlyForDeploymentPostprocessing = 0;
		};
/* End PBXSourcesBuildPhase section */

/* Begin PBXVariantGroup section */
		D038D5F21EDC12C00067F2D7 /* Main.storyboard */ = {
			isa = PBXVariantGroup;
			children = (
				D038D5F31EDC12C00067F2D7 /* Base */,
				D038D6001EDC12D70067F2D7 /* zh-Hant */,
			);
			name = Main.storyboard;
			sourceTree = "<group>";
		};
		D038D5F71EDC12C00067F2D7 /* LaunchScreen.storyboard */ = {
			isa = PBXVariantGroup;
			children = (
				D038D5F81EDC12C00067F2D7 /* Base */,
				D038D6011EDC12D70067F2D7 /* zh-Hant */,
			);
			name = LaunchScreen.storyboard;
			sourceTree = "<group>";
		};
		D038D6061EDC12F10067F2D7 /* InfoPlist.strings */ = {
			isa = PBXVariantGroup;
			children = (
				D038D6051EDC12F10067F2D7 /* Base */,
				D038D6071EDC12F30067F2D7 /* en */,
				D038D6081EDC12F50067F2D7 /* zh-Hant */,
			);
			name = InfoPlist.strings;
			sourceTree = "<group>";
		};
/* End PBXVariantGroup section */

/* Begin XCBuildConfiguration section */
		D038D5FB1EDC12C00067F2D7 /* Debug */ = {
			isa = XCBuildConfiguration;
			buildSettings = {
				ALWAYS_SEARCH_USER_PATHS = NO;
				CLANG_ANALYZER_LOCALIZABILITY_NONLOCALIZED = YES;
				CLANG_ANALYZER_NONNULL = YES;
				CLANG_ANALYZER_NUMBER_OBJECT_CONVERSION = YES_AGGRESSIVE;
				CLANG_CXX_LANGUAGE_STANDARD = "gnu++0x";
				CLANG_CXX_LIBRARY = "libc++";
				CLANG_ENABLE_MODULES = YES;
				CLANG_ENABLE_OBJC_ARC = YES;
				CLANG_WARN_BOOL_CONVERSION = YES;
				CLANG_WARN_CONSTANT_CONVERSION = YES;
				CLANG_WARN_DIRECT_OBJC_ISA_USAGE = YES_ERROR;
				CLANG_WARN_DOCUMENTATION_COMMENTS = YES;
				CLANG_WARN_EMPTY_BODY = YES;
				CLANG_WARN_ENUM_CONVERSION = YES;
				CLANG_WARN_INFINITE_RECURSION = YES;
				CLANG_WARN_INT_CONVERSION = YES;
				CLANG_WARN_OBJC_ROOT_CLASS = YES_ERROR;
				CLANG_WARN_SUSPICIOUS_MOVE = YES;
				CLANG_WARN_UNREACHABLE_CODE = YES;
				CLANG_WARN__DUPLICATE_METHOD_MATCH = YES;
				"CODE_SIGN_IDENTITY[sdk=iphoneos*]" = "iPhone Developer";
				COPY_PHASE_STRIP = NO;
				DEBUG_INFORMATION_FORMAT = dwarf;
				ENABLE_STRICT_OBJC_MSGSEND = YES;
				ENABLE_TESTABILITY = YES;
				GCC_C_LANGUAGE_STANDARD = gnu99;
				GCC_DYNAMIC_NO_PIC = NO;
				GCC_NO_COMMON_BLOCKS = YES;
				GCC_OPTIMIZATION_LEVEL = 0;
				GCC_PREPROCESSOR_DEFINITIONS = (
					"DEBUG=1",
					"$(inherited)",
				);
				GCC_WARN_64_TO_32_BIT_CONVERSION = YES;
				GCC_WARN_ABOUT_RETURN_TYPE = YES_ERROR;
				GCC_WARN_UNDECLARED_SELECTOR = YES;
				GCC_WARN_UNINITIALIZED_AUTOS = YES_AGGRESSIVE;
				GCC_WARN_UNUSED_FUNCTION = YES;
				GCC_WARN_UNUSED_VARIABLE = YES;
				IPHONEOS_DEPLOYMENT_TARGET = 10.3;
				MTL_ENABLE_DEBUG_INFO = YES;
				ONLY_ACTIVE_ARCH = YES;
				SDKROOT = iphoneos;
				SWIFT_ACTIVE_COMPILATION_CONDITIONS = DEBUG;
				SWIFT_OPTIMIZATION_LEVEL = "-Onone";
			};
			name = Debug;
		};
		D038D5FC1EDC12C00067F2D7 /* Release */ = {
			isa = XCBuildConfiguration;
			buildSettings = {
				ALWAYS_SEARCH_USER_PATHS = NO;
				CLANG_ANALYZER_LOCALIZABILITY_NONLOCALIZED = YES;
				CLANG_ANALYZER_NONNULL = YES;
				CLANG_ANALYZER_NUMBER_OBJECT_CONVERSION = YES_AGGRESSIVE;
				CLANG_CXX_LANGUAGE_STANDARD = "gnu++0x";
				CLANG_CXX_LIBRARY = "libc++";
				CLANG_ENABLE_MODULES = YES;
				CLANG_ENABLE_OBJC_ARC = YES;
				CLANG_WARN_BOOL_CONVERSION = YES;
				CLANG_WARN_CONSTANT_CONVERSION = YES;
				CLANG_WARN_DIRECT_OBJC_ISA_USAGE = YES_ERROR;
				CLANG_WARN_DOCUMENTATION_COMMENTS = YES;
				CLANG_WARN_EMPTY_BODY = YES;
				CLANG_WARN_ENUM_CONVERSION = YES;
				CLANG_WARN_INFINITE_RECURSION = YES;
				CLANG_WARN_INT_CONVERSION = YES;
				CLANG_WARN_OBJC_ROOT_CLASS = YES_ERROR;
				CLANG_WARN_SUSPICIOUS_MOVE = YES;
				CLANG_WARN_UNREACHABLE_CODE = YES;
				CLANG_WARN__DUPLICATE_METHOD_MATCH = YES;
				"CODE_SIGN_IDENTITY[sdk=iphoneos*]" = "iPhone Developer";
				COPY_PHASE_STRIP = NO;
				DEBUG_INFORMATION_FORMAT = "dwarf-with-dsym";
				ENABLE_NS_ASSERTIONS = NO;
				ENABLE_STRICT_OBJC_MSGSEND = YES;
				GCC_C_LANGUAGE_STANDARD = gnu99;
				GCC_NO_COMMON_BLOCKS = YES;
				GCC_WARN_64_TO_32_BIT_CONVERSION = YES;
				GCC_WARN_ABOUT_RETURN_TYPE = YES_ERROR;
				GCC_WARN_UNDECLARED_SELECTOR = YES;
				GCC_WARN_UNINITIALIZED_AUTOS = YES_AGGRESSIVE;
				GCC_WARN_UNUSED_FUNCTION = YES;
				GCC_WARN_UNUSED_VARIABLE = YES;
				IPHONEOS_DEPLOYMENT_TARGET = 10.3;
				MTL_ENABLE_DEBUG_INFO = NO;
				SDKROOT = iphoneos;
				SWIFT_OPTIMIZATION_LEVEL = "-Owholemodule";
				VALIDATE_PRODUCT = YES;
			};
			name = Release;
		};
		D038D5FE1EDC12C00067F2D7 /* Debug */ = {
			isa = XCBuildConfiguration;
			buildSettings = {
				ASSETCATALOG_COMPILER_APPICON_NAME = AppIcon;
				DEVELOPMENT_TEAM = 6EX7ATHKWZ;
				INFOPLIST_FILE = "Saving Qu Yuan/Info.plist";
				LD_RUNPATH_SEARCH_PATHS = "$(inherited) @executable_path/Frameworks";
				PRODUCT_BUNDLE_IDENTIFIER = "com.luozihyuan.Saving-Qu-Yuan";
				PRODUCT_NAME = "$(TARGET_NAME)";
				SWIFT_VERSION = 3.0;
			};
			name = Debug;
		};
		D038D5FF1EDC12C00067F2D7 /* Release */ = {
			isa = XCBuildConfiguration;
			buildSettings = {
				ASSETCATALOG_COMPILER_APPICON_NAME = AppIcon;
				DEVELOPMENT_TEAM = 6EX7ATHKWZ;
				INFOPLIST_FILE = "Saving Qu Yuan/Info.plist";
				LD_RUNPATH_SEARCH_PATHS = "$(inherited) @executable_path/Frameworks";
				PRODUCT_BUNDLE_IDENTIFIER = "com.luozihyuan.Saving-Qu-Yuan";
				PRODUCT_NAME = "$(TARGET_NAME)";
				SWIFT_VERSION = 3.0;
			};
			name = Release;
		};
/* End XCBuildConfiguration section */

/* Begin XCConfigurationList section */
		D038D5E01EDC12BF0067F2D7 /* Build configuration list for PBXProject "Saving Qu Yuan" */ = {
			isa = XCConfigurationList;
			buildConfigurations = (
				D038D5FB1EDC12C00067F2D7 /* Debug */,
				D038D5FC1EDC12C00067F2D7 /* Release */,
			);
			defaultConfigurationIsVisible = 0;
			defaultConfigurationName = Release;
		};
		D038D5FD1EDC12C00067F2D7 /* Build configuration list for PBXNativeTarget "Saving Qu Yuan" */ = {
			isa = XCConfigurationList;
			buildConfigurations = (
				D038D5FE1EDC12C00067F2D7 /* Debug */,
				D038D5FF1EDC12C00067F2D7 /* Release */,
			);
			defaultConfigurationIsVisible = 0;
			defaultConfigurationName = Release;
		};
/* End XCConfigurationList section */
	};
	rootObject = D038D5DD1EDC12BF0067F2D7 /* Project object */;
}
